
Microsoft Visual Studio Solution File, Format Version 12.00
# Visual Studio 15
VisualStudioVersion = 15.0.26403.7
MinimumVisualStudioVersion = 10.0.40219.1
Project("{FAE04EC0-301F-11D3-BF4B-00C04F79EFBC}") = "AulaCSharp", "AulaCSharp\AulaCSharp.csproj", "{5C7111BB-007B-4615-A20E-EB49A0C7EBEA}"
EndProject
Project("{FAE04EC0-301F-11D3-BF4B-00C04F79EFBC}") = "Aula1405_Interfaces", "Aula1405_Interfaces\Aula1405_Interfaces.csproj", "{0AD5CAE0-A31C-4C49-AEE1-88E243401978}"
EndProject
Project("{FAE04EC0-301F-11D3-BF4B-00C04F79EFBC}") = "Aula18052018_MVC", "Aula18052018_MVC\Aula18052018_MVC.csproj", "{834A81EE-E013-4FF0-959A-ED25FD3CF9C2}"
EndProject
Global
	GlobalSection(SolutionConfigurationPlatforms) = preSolution
		Debug|Any CPU = Debug|Any CPU
		Release|Any CPU = Release|Any CPU
	EndGlobalSection
	GlobalSection(ProjectConfigurationPlatforms) = postSolution
		{5C7111BB-007B-4615-A20E-EB49A0C7EBEA}.Debug|Any CPU.ActiveCfg = Debug|Any CPU
		{5C7111BB-007B-4615-A20E-EB49A0C7EBEA}.Debug|Any CPU.Build.0 = Debug|Any CPU
		{5C7111BB-007B-4615-A20E-EB49A0C7EBEA}.Release|Any CPU.ActiveCfg = Release|Any CPU
		{5C7111BB-007B-4615-A20E-EB49A0C7EBEA}.Release|Any CPU.Build.0 = Release|Any CPU
		{0AD5CAE0-A31C-4C49-AEE1-88E243401978}.Debug|Any CPU.ActiveCfg = Debug|Any CPU
		{0AD5CAE0-A31C-4C49-AEE1-88E243401978}.Debug|Any CPU.Build.0 = Debug|Any CPU
		{0AD5CAE0-A31C-4C49-AEE1-88E243401978}.Release|Any CPU.ActiveCfg = Release|Any CPU
		{0AD5CAE0-A31C-4C49-AEE1-88E243401978}.Release|Any CPU.Build.0 = Release|Any CPU
		{834A81EE-E013-4FF0-959A-ED25FD3CF9C2}.Debug|Any CPU.ActiveCfg = Debug|Any CPU
		{834A81EE-E013-4FF0-959A-ED25FD3CF9C2}.Debug|Any CPU.Build.0 = Debug|Any CPU
		{834A81EE-E013-4FF0-959A-ED25FD3CF9C2}.Release|Any CPU.ActiveCfg = Release|Any CPU
		{834A81EE-E013-4FF0-959A-ED25FD3CF9C2}.Release|Any CPU.Build.0 = Release|Any CPU
	EndGlobalSection
	GlobalSection(SolutionProperties) = preSolution
		HideSolutionNode = FALSE
	EndGlobalSection
EndGlobal
